
Microsoft Visual Studio Solution File, Format Version 12.00
# Visual Studio Version 17
VisualStudioVersion = 17.10.35027.167
MinimumVisualStudioVersion = 10.0.40219.1
Project("{FAE04EC0-301F-11D3-BF4B-00C04F79EFBC}") = "WindowsFormsEx3", "WindowsFormsEx3\WindowsFormsEx3.csproj", "{972027C0-0FE1-481F-BB22-4C56D1F4EF5C}"
EndProject
Global
	GlobalSection(SolutionConfigurationPlatforms) = preSolution
		Debug|Any CPU = Debug|Any CPU
		Release|Any CPU = Release|Any CPU
	EndGlobalSection
	GlobalSection(ProjectConfigurationPlatforms) = postSolution
		{972027C0-0FE1-481F-BB22-4C56D1F4EF5C}.Debug|Any CPU.ActiveCfg = Debug|Any CPU
		{972027C0-0FE1-481F-BB22-4C56D1F4EF5C}.Debug|Any CPU.Build.0 = Debug|Any CPU
		{972027C0-0FE1-481F-BB22-4C56D1F4EF5C}.Release|Any CPU.ActiveCfg = Release|Any CPU
		{972027C0-0FE1-481F-BB22-4C56D1F4EF5C}.Release|Any CPU.Build.0 = Release|Any CPU
	EndGlobalSection
	GlobalSection(SolutionProperties) = preSolution
		HideSolutionNode = FALSE
	EndGlobalSection
	GlobalSection(ExtensibilityGlobals) = postSolution
		SolutionGuid = {58DE9754-4109-408A-BDAD-BEC765D96820}
	EndGlobalSection
EndGlobal
